
Microsoft Visual Studio Solution File, Format Version 12.00
# Visual Studio 15
VisualStudioVersion = 15.0.27703.2042
MinimumVisualStudioVersion = 10.0.40219.1
Project("{FAE04EC0-301F-11D3-BF4B-00C04F79EFBC}") = "ChatSample.AspNet", "ChatSample.AspNet.csproj", "{1C995B5D-D0FA-42C6-BF36-55894E18C629}"
EndProject
Global
	GlobalSection(SolutionConfigurationPlatforms) = preSolution
		Debug|Any CPU = Debug|Any CPU
		Release|Any CPU = Release|Any CPU
	EndGlobalSection
	GlobalSection(ProjectConfigurationPlatforms) = postSolution
		{1C995B5D-D0FA-42C6-BF36-55894E18C629}.Debug|Any CPU.ActiveCfg = Debug|Any CPU
		{1C995B5D-D0FA-42C6-BF36-55894E18C629}.Debug|Any CPU.Build.0 = Debug|Any CPU
		{1C995B5D-D0FA-42C6-BF36-55894E18C629}.Release|Any CPU.ActiveCfg = Release|Any CPU
		{1C995B5D-D0FA-42C6-BF36-55894E18C629}.Release|Any CPU.Build.0 = Release|Any CPU
	EndGlobalSection
	GlobalSection(SolutionProperties) = preSolution
		HideSolutionNode = FALSE
	EndGlobalSection
	GlobalSection(ExtensibilityGlobals) = postSolution
		SolutionGuid = {30781DC9-152B-46F4-882E-F649FAB35668}
	EndGlobalSection
EndGlobal
