
Microsoft Visual Studio Solution File, Format Version 12.00
# Visual Studio Version 16
VisualStudioVersion = 16.0.30804.86
MinimumVisualStudioVersion = 10.0.40219.1
Project("{9A19103F-16F7-4668-BE54-9A1E7A4F7556}") = "RealtimeCodeEditor", "RealtimeCodeEditor.csproj", "{39900C3A-0CAC-4313-90A0-49D9603B9130}"
EndProject
Global
	GlobalSection(SolutionConfigurationPlatforms) = preSolution
		Debug|Any CPU = Debug|Any CPU
		Release|Any CPU = Release|Any CPU
	EndGlobalSection
	GlobalSection(ProjectConfigurationPlatforms) = postSolution
		{39900C3A-0CAC-4313-90A0-49D9603B9130}.Debug|Any CPU.ActiveCfg = Debug|Any CPU
		{39900C3A-0CAC-4313-90A0-49D9603B9130}.Debug|Any CPU.Build.0 = Debug|Any CPU
		{39900C3A-0CAC-4313-90A0-49D9603B9130}.Release|Any CPU.ActiveCfg = Release|Any CPU
		{39900C3A-0CAC-4313-90A0-49D9603B9130}.Release|Any CPU.Build.0 = Release|Any CPU
	EndGlobalSection
	GlobalSection(SolutionProperties) = preSolution
		HideSolutionNode = FALSE
	EndGlobalSection
	GlobalSection(ExtensibilityGlobals) = postSolution
		SolutionGuid = {159C857C-4ACF-4C53-AD7A-DE23195848C4}
	EndGlobalSection
EndGlobal
