
Microsoft Visual Studio Solution File, Format Version 12.00
# Visual Studio Version 17
VisualStudioVersion = 17.0.32126.317
MinimumVisualStudioVersion = 10.0.40219.1
Project("{9A19103F-16F7-4668-BE54-9A1E7A4F7556}") = "DotnetIsolated-BidirectionChat", "DotnetIsolated-BidirectionChat.csproj", "{48A53B73-9F2C-446A-A67F-04BB68453B66}"
EndProject
Global
	GlobalSection(SolutionConfigurationPlatforms) = preSolution
		Debug|Any CPU = Debug|Any CPU
		Release|Any CPU = Release|Any CPU
	EndGlobalSection
	GlobalSection(ProjectConfigurationPlatforms) = postSolution
		{48A53B73-9F2C-446A-A67F-04BB68453B66}.Debug|Any CPU.ActiveCfg = Debug|Any CPU
		{48A53B73-9F2C-446A-A67F-04BB68453B66}.Debug|Any CPU.Build.0 = Debug|Any CPU
		{48A53B73-9F2C-446A-A67F-04BB68453B66}.Release|Any CPU.ActiveCfg = Release|Any CPU
		{48A53B73-9F2C-446A-A67F-04BB68453B66}.Release|Any CPU.Build.0 = Release|Any CPU
	EndGlobalSection
	GlobalSection(SolutionProperties) = preSolution
		HideSolutionNode = FALSE
	EndGlobalSection
	GlobalSection(ExtensibilityGlobals) = postSolution
		SolutionGuid = {17F67B90-252B-49A0-AEAB-FBB32143204B}
	EndGlobalSection
EndGlobal
