
Microsoft Visual Studio Solution File, Format Version 12.00
# Visual Studio 15
VisualStudioVersion = 15.0.27004.2005
MinimumVisualStudioVersion = 10.0.40219.1
Project("{FAE04EC0-301F-11D3-BF4B-00C04F79EFBC}") = "ChatRoomAspNet", "ChatRoomAspNet.csproj", "{F98E0A06-E08C-4860-8960-9AC434A4720E}"
EndProject
Global
	GlobalSection(SolutionConfigurationPlatforms) = preSolution
		Debug|Any CPU = Debug|Any CPU
		Release|Any CPU = Release|Any CPU
	EndGlobalSection
	GlobalSection(ProjectConfigurationPlatforms) = postSolution
		{F98E0A06-E08C-4860-8960-9AC434A4720E}.Debug|Any CPU.ActiveCfg = Debug|Any CPU
		{F98E0A06-E08C-4860-8960-9AC434A4720E}.Debug|Any CPU.Build.0 = Debug|Any CPU
		{F98E0A06-E08C-4860-8960-9AC434A4720E}.Release|Any CPU.ActiveCfg = Release|Any CPU
		{F98E0A06-E08C-4860-8960-9AC434A4720E}.Release|Any CPU.Build.0 = Release|Any CPU
	EndGlobalSection
	GlobalSection(SolutionProperties) = preSolution
		HideSolutionNode = FALSE
	EndGlobalSection
	GlobalSection(ExtensibilityGlobals) = postSolution
		SolutionGuid = {CCCAD2F5-A5D6-43A7-A04B-B64300198A38}
	EndGlobalSection
EndGlobal
