
Microsoft Visual Studio Solution File, Format Version 12.00
# Visual Studio Version 16
VisualStudioVersion = 16.0.30611.23
MinimumVisualStudioVersion = 10.0.40219.1
Project("{9A19103F-16F7-4668-BE54-9A1E7A4F7556}") = "ReliableChatRoom", "ReliableChatRoom.csproj", "{DDD6E4BD-9204-4BDD-B1D5-F53A5AB9B418}"
EndProject
Global
	GlobalSection(SolutionConfigurationPlatforms) = preSolution
		Debug|Any CPU = Debug|Any CPU
		Release|Any CPU = Release|Any CPU
	EndGlobalSection
	GlobalSection(ProjectConfigurationPlatforms) = postSolution
		{DDD6E4BD-9204-4BDD-B1D5-F53A5AB9B418}.Debug|Any CPU.ActiveCfg = Debug|Any CPU
		{DDD6E4BD-9204-4BDD-B1D5-F53A5AB9B418}.Debug|Any CPU.Build.0 = Debug|Any CPU
		{DDD6E4BD-9204-4BDD-B1D5-F53A5AB9B418}.Release|Any CPU.ActiveCfg = Release|Any CPU
		{DDD6E4BD-9204-4BDD-B1D5-F53A5AB9B418}.Release|Any CPU.Build.0 = Release|Any CPU
	EndGlobalSection
	GlobalSection(SolutionProperties) = preSolution
		HideSolutionNode = FALSE
	EndGlobalSection
	GlobalSection(ExtensibilityGlobals) = postSolution
		SolutionGuid = {9ADB0766-CBBC-4D72-9406-420C362694D1}
	EndGlobalSection
EndGlobal
