Microsoft Visual Studio Solution File, Format Version 12.00
# Visual Studio Version 17
VisualStudioVersion = 17.5.2.0
MinimumVisualStudioVersion = 10.0.40219.1
Project("{FAE04EC0-301F-11D3-BF4B-00C04F79EFBC}") = "Whiteboard", "Whiteboard.csproj", "{E4CDAD0A-E491-036F-B3BE-BDF81466BF12}"
EndProject
Global
	GlobalSection(SolutionConfigurationPlatforms) = preSolution
		Debug|Any CPU = Debug|Any CPU
		Release|Any CPU = Release|Any CPU
	EndGlobalSection
	GlobalSection(ProjectConfigurationPlatforms) = postSolution
		{E4CDAD0A-E491-036F-B3BE-BDF81466BF12}.Debug|Any CPU.ActiveCfg = Debug|Any CPU
		{E4CDAD0A-E491-036F-B3BE-BDF81466BF12}.Debug|Any CPU.Build.0 = Debug|Any CPU
		{E4CDAD0A-E491-036F-B3BE-BDF81466BF12}.Release|Any CPU.ActiveCfg = Release|Any CPU
		{E4CDAD0A-E491-036F-B3BE-BDF81466BF12}.Release|Any CPU.Build.0 = Release|Any CPU
	EndGlobalSection
	GlobalSection(SolutionProperties) = preSolution
		HideSolutionNode = FALSE
	EndGlobalSection
	GlobalSection(ExtensibilityGlobals) = postSolution
		SolutionGuid = {1E3E8FF2-65C4-40E1-A734-AA964A438553}
	EndGlobalSection
EndGlobal
