{
    "name": "chatsample",
    "requires": true,
    "lockfileVersion": 1,
    "dependencies": {
        "@aspnet/signalr": {
            "version": "1.0.0-rc1-final",
            "resolved": "https://registry.npmjs.org/@aspnet/signalr/-/signalr-1.0.0-rc1-final.tgz",
            "integrity": "sha1-Etuhpjuzyf00iEiJxjan5k/cHc4="
        }
    }
}
