
Microsoft Visual Studio Solution File, Format Version 12.00
# Visual Studio 15
VisualStudioVersion = 15.0.27703.2042
MinimumVisualStudioVersion = 10.0.40219.1
Project("{FAE04EC0-301F-11D3-BF4B-00C04F79EFBC}") = "ChatRoom", "ChatRoom.csproj", "{1833E2BF-4D58-4288-8CBA-869981888972}"
EndProject
Global
	GlobalSection(SolutionConfigurationPlatforms) = preSolution
		Debug|Any CPU = Debug|Any CPU
		Release|Any CPU = Release|Any CPU
	EndGlobalSection
	GlobalSection(ProjectConfigurationPlatforms) = postSolution
		{1833E2BF-4D58-4288-8CBA-869981888972}.Debug|Any CPU.ActiveCfg = Debug|Any CPU
		{1833E2BF-4D58-4288-8CBA-869981888972}.Debug|Any CPU.Build.0 = Debug|Any CPU
		{1833E2BF-4D58-4288-8CBA-869981888972}.Release|Any CPU.ActiveCfg = Release|Any CPU
		{1833E2BF-4D58-4288-8CBA-869981888972}.Release|Any CPU.Build.0 = Release|Any CPU
	EndGlobalSection
	GlobalSection(SolutionProperties) = preSolution
		HideSolutionNode = FALSE
	EndGlobalSection
	GlobalSection(ExtensibilityGlobals) = postSolution
		SolutionGuid = {60F85549-2AC6-4E69-ABDB-A93D95929942}
	EndGlobalSection
EndGlobal
